
Microsoft Visual Studio Solution File, Format Version 12.00
# Visual Studio Version 17
VisualStudioVersion = 17.13.35913.81 d17.13
MinimumVisualStudioVersion = 10.0.40219.1
Project("{FAE04EC0-301F-11D3-BF4B-00C04F79EFBC}") = "MinuKonspekt", "MinuKonspekt\MinuKonspekt.csproj", "{22B23C68-9781-4BA3-9649-24140F35E1E7}"
EndProject
Global
	GlobalSection(SolutionConfigurationPlatforms) = preSolution
		Debug|Any CPU = Debug|Any CPU
		Release|Any CPU = Release|Any CPU
	EndGlobalSection
	GlobalSection(ProjectConfigurationPlatforms) = postSolution
		{22B23C68-9781-4BA3-9649-24140F35E1E7}.Debug|Any CPU.ActiveCfg = Debug|Any CPU
		{22B23C68-9781-4BA3-9649-24140F35E1E7}.Debug|Any CPU.Build.0 = Debug|Any CPU
		{22B23C68-9781-4BA3-9649-24140F35E1E7}.Release|Any CPU.ActiveCfg = Release|Any CPU
		{22B23C68-9781-4BA3-9649-24140F35E1E7}.Release|Any CPU.Build.0 = Release|Any CPU
	EndGlobalSection
	GlobalSection(SolutionProperties) = preSolution
		HideSolutionNode = FALSE
	EndGlobalSection
	GlobalSection(ExtensibilityGlobals) = postSolution
		SolutionGuid = {7A5B0EBB-8927-4B53-BAAC-5D7A98DDCA9A}
	EndGlobalSection
EndGlobal
